// !$*UTF8*$!
{
	archiveVersion = 1;
	classes = {
	};
	objectVersion = 56;
	objects = {

/* Begin PBXBuildFile section */
		D733BB9329487FAC00EAEA7A /* ViewModel.swift in Sources */ = {isa = PBXBuildFile; fileRef = D733BB9229487FAC00EAEA7A /* ViewModel.swift */; };
		D7465256295B1F5E003A6433 /* Model.swift in Sources */ = {isa = PBXBuildFile; fileRef = D7465255295B1F5E003A6433 /* Model.swift */; };
		D7F795EA28E9D686006233E4 /* AppDelegate.swift in Sources */ = {isa = PBXBuildFile; fileRef = D7F795E928E9D686006233E4 /* AppDelegate.swift */; };
		D7F795EC28E9D686006233E4 /* SceneDelegate.swift in Sources */ = {isa = PBXBuildFile; fileRef = D7F795EB28E9D686006233E4 /* SceneDelegate.swift */; };
		D7F795EE28E9D686006233E4 /* ViewController.swift in Sources */ = {isa = PBXBuildFile; fileRef = D7F795ED28E9D686006233E4 /* ViewController.swift */; };
		D7F795F128E9D686006233E4 /* Main.storyboard in Resources */ = {isa = PBXBuildFile; fileRef = D7F795EF28E9D686006233E4 /* Main.storyboard */; };
		D7F795F428E9D686006233E4 /* Calculator.xcdatamodeld in Sources */ = {isa = PBXBuildFile; fileRef = D7F795F228E9D686006233E4 /* Calculator.xcdatamodeld */; };
		D7F795F628E9D68C006233E4 /* Assets.xcassets in Resources */ = {isa = PBXBuildFile; fileRef = D7F795F528E9D68C006233E4 /* Assets.xcassets */; };
		D7F795F928E9D68C006233E4 /* LaunchScreen.storyboard in Resources */ = {isa = PBXBuildFile; fileRef = D7F795F728E9D68C006233E4 /* LaunchScreen.storyboard */; };
		D7F7960428E9D68D006233E4 /* CalculatorTests.swift in Sources */ = {isa = PBXBuildFile; fileRef = D7F7960328E9D68D006233E4 /* CalculatorTests.swift */; };
		D7F7960E28E9D68D006233E4 /* CalculatorUITests.swift in Sources */ = {isa = PBXBuildFile; fileRef = D7F7960D28E9D68D006233E4 /* CalculatorUITests.swift */; };
		D7F7961028E9D68D006233E4 /* CalculatorUITestsLaunchTests.swift in Sources */ = {isa = PBXBuildFile; fileRef = D7F7960F28E9D68D006233E4 /* CalculatorUITestsLaunchTests.swift */; };
/* End PBXBuildFile section */

/* Begin PBXContainerItemProxy section */
		D7F7960028E9D68D006233E4 /* PBXContainerItemProxy */ = {
			isa = PBXContainerItemProxy;
			containerPortal = D7F795DE28E9D685006233E4 /* Project object */;
			proxyType = 1;
			remoteGlobalIDString = D7F795E528E9D685006233E4;
			remoteInfo = Calculator;
		};
		D7F7960A28E9D68D006233E4 /* PBXContainerItemProxy */ = {
			isa = PBXContainerItemProxy;
			containerPortal = D7F795DE28E9D685006233E4 /* Project object */;
			proxyType = 1;
			remoteGlobalIDString = D7F795E528E9D685006233E4;
			remoteInfo = Calculator;
		};
/* End PBXContainerItemProxy section */

/* Begin PBXFileReference section */
		D733BB9229487FAC00EAEA7A /* ViewModel.swift */ = {isa = PBXFileReference; lastKnownFileType = sourcecode.swift; path = ViewModel.swift; sourceTree = "<group>"; };
		D7465255295B1F5E003A6433 /* Model.swift */ = {isa = PBXFileReference; lastKnownFileType = sourcecode.swift; path = Model.swift; sourceTree = "<group>"; };
		D7F795E628E9D685006233E4 /* Calculator.app */ = {isa = PBXFileReference; explicitFileType = wrapper.application; includeInIndex = 0; path = Calculator.app; sourceTree = BUILT_PRODUCTS_DIR; };
		D7F795E928E9D686006233E4 /* AppDelegate.swift */ = {isa = PBXFileReference; lastKnownFileType = sourcecode.swift; path = AppDelegate.swift; sourceTree = "<group>"; };
		D7F795EB28E9D686006233E4 /* SceneDelegate.swift */ = {isa = PBXFileReference; lastKnownFileType = sourcecode.swift; path = SceneDelegate.swift; sourceTree = "<group>"; };
		D7F795ED28E9D686006233E4 /* ViewController.swift */ = {isa = PBXFileReference; lastKnownFileType = sourcecode.swift; path = ViewController.swift; sourceTree = "<group>"; };
		D7F795F028E9D686006233E4 /* Base */ = {isa = PBXFileReference; lastKnownFileType = file.storyboard; name = Base; path = Base.lproj/Main.storyboard; sourceTree = "<group>"; };
		D7F795F328E9D686006233E4 /* Calculator.xcdatamodel */ = {isa = PBXFileReference; lastKnownFileType = wrapper.xcdatamodel; path = Calculator.xcdatamodel; sourceTree = "<group>"; };
		D7F795F528E9D68C006233E4 /* Assets.xcassets */ = {isa = PBXFileReference; lastKnownFileType = folder.assetcatalog; path = Assets.xcassets; sourceTree = "<group>"; };
		D7F795F828E9D68C006233E4 /* Base */ = {isa = PBXFileReference; lastKnownFileType = file.storyboard; name = Base; path = Base.lproj/LaunchScreen.storyboard; sourceTree = "<group>"; };
		D7F795FA28E9D68C006233E4 /* Info.plist */ = {isa = PBXFileReference; lastKnownFileType = text.plist.xml; path = Info.plist; sourceTree = "<group>"; };
		D7F795FF28E9D68D006233E4 /* CalculatorTests.xctest */ = {isa = PBXFileReference; explicitFileType = wrapper.cfbundle; includeInIndex = 0; path = CalculatorTests.xctest; sourceTree = BUILT_PRODUCTS_DIR; };
		D7F7960328E9D68D006233E4 /* CalculatorTests.swift */ = {isa = PBXFileReference; lastKnownFileType = sourcecode.swift; path = CalculatorTests.swift; sourceTree = "<group>"; };
		D7F7960928E9D68D006233E4 /* CalculatorUITests.xctest */ = {isa = PBXFileReference; explicitFileType = wrapper.cfbundle; includeInIndex = 0; path = CalculatorUITests.xctest; sourceTree = BUILT_PRODUCTS_DIR; };
		D7F7960D28E9D68D006233E4 /* CalculatorUITests.swift */ = {isa = PBXFileReference; lastKnownFileType = sourcecode.swift; path = CalculatorUITests.swift; sourceTree = "<group>"; };
		D7F7960F28E9D68D006233E4 /* CalculatorUITestsLaunchTests.swift */ = {isa = PBXFileReference; lastKnownFileType = sourcecode.swift; path = CalculatorUITestsLaunchTests.swift; sourceTree = "<group>"; };
/* End PBXFileReference section */

/* Begin PBXFrameworksBuildPhase section */
		D7F795E328E9D685006233E4 /* Frameworks */ = {
			isa = PBXFrameworksBuildPhase;
			buildActionMask = 2147483647;
			files = (
			);
			runOnlyForDeploymentPostprocessing = 0;
		};
		D7F795FC28E9D68D006233E4 /* Frameworks */ = {
			isa = PBXFrameworksBuildPhase;
			buildActionMask = 2147483647;
			files = (
			);
			runOnlyForDeploymentPostprocessing = 0;
		};
		D7F7960628E9D68D006233E4 /* Frameworks */ = {
			isa = PBXFrameworksBuildPhase;
			buildActionMask = 2147483647;
			files = (
			);
			runOnlyForDeploymentPostprocessing = 0;
		};
/* End PBXFrameworksBuildPhase section */

/* Begin PBXGroup section */
		D7F795DD28E9D685006233E4 = {
			isa = PBXGroup;
			children = (
				D7F795E828E9D685006233E4 /* Calculator */,
				D7F7960228E9D68D006233E4 /* CalculatorTests */,
				D7F7960C28E9D68D006233E4 /* CalculatorUITests */,
				D7F795E728E9D685006233E4 /* Products */,
			);
			sourceTree = "<group>";
		};
		D7F795E728E9D685006233E4 /* Products */ = {
			isa = PBXGroup;
			children = (
				D7F795E628E9D685006233E4 /* Calculator.app */,
				D7F795FF28E9D68D006233E4 /* CalculatorTests.xctest */,
				D7F7960928E9D68D006233E4 /* CalculatorUITests.xctest */,
			);
			name = Products;
			sourceTree = "<group>";
		};
		D7F795E828E9D685006233E4 /* Calculator */ = {
			isa = PBXGroup;
			children = (
				D7F7961C28E9D6E0006233E4 /* Delegates */,
				D7F795ED28E9D686006233E4 /* ViewController.swift */,
				D7465255295B1F5E003A6433 /* Model.swift */,
				D733BB9229487FAC00EAEA7A /* ViewModel.swift */,
				D7F795EF28E9D686006233E4 /* Main.storyboard */,
				D7F795F528E9D68C006233E4 /* Assets.xcassets */,
				D7F795F728E9D68C006233E4 /* LaunchScreen.storyboard */,
				D7F795FA28E9D68C006233E4 /* Info.plist */,
				D7F795F228E9D686006233E4 /* Calculator.xcdatamodeld */,
			);
			path = Calculator;
			sourceTree = "<group>";
		};
		D7F7960228E9D68D006233E4 /* CalculatorTests */ = {
			isa = PBXGroup;
			children = (
				D7F7960328E9D68D006233E4 /* CalculatorTests.swift */,
			);
			path = CalculatorTests;
			sourceTree = "<group>";
		};
		D7F7960C28E9D68D006233E4 /* CalculatorUITests */ = {
			isa = PBXGroup;
			children = (
				D7F7960D28E9D68D006233E4 /* CalculatorUITests.swift */,
				D7F7960F28E9D68D006233E4 /* CalculatorUITestsLaunchTests.swift */,
			);
			path = CalculatorUITests;
			sourceTree = "<group>";
		};
		D7F7961C28E9D6E0006233E4 /* Delegates */ = {
			isa = PBXGroup;
			children = (
				D7F795E928E9D686006233E4 /* AppDelegate.swift */,
				D7F795EB28E9D686006233E4 /* SceneDelegate.swift */,
			);
			path = Delegates;
			sourceTree = "<group>";
		};
/* End PBXGroup section */

/* Begin PBXNativeTarget section */
		D7F795E528E9D685006233E4 /* Calculator */ = {
			isa = PBXNativeTarget;
			buildConfigurationList = D7F7961328E9D68D006233E4 /* Build configuration list for PBXNativeTarget "Calculator" */;
			buildPhases = (
				D7F795E228E9D685006233E4 /* Sources */,
				D7F795E328E9D685006233E4 /* Frameworks */,
				D7F795E428E9D685006233E4 /* Resources */,
			);
			buildRules = (
			);
			dependencies = (
			);
			name = Calculator;
			productName = Calculator;
			productReference = D7F795E628E9D685006233E4 /* Calculator.app */;
			productType = "com.apple.product-type.application";
		};
		D7F795FE28E9D68D006233E4 /* CalculatorTests */ = {
			isa = PBXNativeTarget;
			buildConfigurationList = D7F7961628E9D68D006233E4 /* Build configuration list for PBXNativeTarget "CalculatorTests" */;
			buildPhases = (
				D7F795FB28E9D68D006233E4 /* Sources */,
				D7F795FC28E9D68D006233E4 /* Frameworks */,
				D7F795FD28E9D68D006233E4 /* Resources */,
			);
			buildRules = (
			);
			dependencies = (
				D7F7960128E9D68D006233E4 /* PBXTargetDependency */,
			);
			name = CalculatorTests;
			productName = CalculatorTests;
			productReference = D7F795FF28E9D68D006233E4 /* CalculatorTests.xctest */;
			productType = "com.apple.product-type.bundle.unit-test";
		};
		D7F7960828E9D68D006233E4 /* CalculatorUITests */ = {
			isa = PBXNativeTarget;
			buildConfigurationList = D7F7961928E9D68D006233E4 /* Build configuration list for PBXNativeTarget "CalculatorUITests" */;
			buildPhases = (
				D7F7960528E9D68D006233E4 /* Sources */,
				D7F7960628E9D68D006233E4 /* Frameworks */,
				D7F7960728E9D68D006233E4 /* Resources */,
			);
			buildRules = (
			);
			dependencies = (
				D7F7960B28E9D68D006233E4 /* PBXTargetDependency */,
			);
			name = CalculatorUITests;
			productName = CalculatorUITests;
			productReference = D7F7960928E9D68D006233E4 /* CalculatorUITests.xctest */;
			productType = "com.apple.product-type.bundle.ui-testing";
		};
/* End PBXNativeTarget section */

/* Begin PBXProject section */
		D7F795DE28E9D685006233E4 /* Project object */ = {
			isa = PBXProject;
			attributes = {
				BuildIndependentTargetsInParallel = 1;
				LastSwiftUpdateCheck = 1400;
				LastUpgradeCheck = 1400;
				TargetAttributes = {
					D7F795E528E9D685006233E4 = {
						CreatedOnToolsVersion = 14.0.1;
					};
					D7F795FE28E9D68D006233E4 = {
						CreatedOnToolsVersion = 14.0.1;
						TestTargetID = D7F795E528E9D685006233E4;
					};
					D7F7960828E9D68D006233E4 = {
						CreatedOnToolsVersion = 14.0.1;
						TestTargetID = D7F795E528E9D685006233E4;
					};
				};
			};
			buildConfigurationList = D7F795E128E9D685006233E4 /* Build configuration list for PBXProject "Calculator" */;
			compatibilityVersion = "Xcode 14.0";
			developmentRegion = en;
			hasScannedForEncodings = 0;
			knownRegions = (
				en,
				Base,
			);
			mainGroup = D7F795DD28E9D685006233E4;
			productRefGroup = D7F795E728E9D685006233E4 /* Products */;
			projectDirPath = "";
			projectRoot = "";
			targets = (
				D7F795E528E9D685006233E4 /* Calculator */,
				D7F795FE28E9D68D006233E4 /* CalculatorTests */,
				D7F7960828E9D68D006233E4 /* CalculatorUITests */,
			);
		};
/* End PBXProject section */

/* Begin PBXResourcesBuildPhase section */
		D7F795E428E9D685006233E4 /* Resources */ = {
			isa = PBXResourcesBuildPhase;
			buildActionMask = 2147483647;
			files = (
				D7F795F928E9D68C006233E4 /* LaunchScreen.storyboard in Resources */,
				D7F795F628E9D68C006233E4 /* Assets.xcassets in Resources */,
				D7F795F128E9D686006233E4 /* Main.storyboard in Resources */,
			);
			runOnlyForDeploymentPostprocessing = 0;
		};
		D7F795FD28E9D68D006233E4 /* Resources */ = {
			isa = PBXResourcesBuildPhase;
			buildActionMask = 2147483647;
			files = (
			);
			runOnlyForDeploymentPostprocessing = 0;
		};
		D7F7960728E9D68D006233E4 /* Resources */ = {
			isa = PBXResourcesBuildPhase;
			buildActionMask = 2147483647;
			files = (
			);
			runOnlyForDeploymentPostprocessing = 0;
		};
/* End PBXResourcesBuildPhase section */

/* Begin PBXSourcesBuildPhase section */
		D7F795E228E9D685006233E4 /* Sources */ = {
			isa = PBXSourcesBuildPhase;
			buildActionMask = 2147483647;
			files = (
				D733BB9329487FAC00EAEA7A /* ViewModel.swift in Sources */,
				D7F795EE28E9D686006233E4 /* ViewController.swift in Sources */,
				D7F795F428E9D686006233E4 /* Calculator.xcdatamodeld in Sources */,
				D7465256295B1F5E003A6433 /* Model.swift in Sources */,
				D7F795EA28E9D686006233E4 /* AppDelegate.swift in Sources */,
				D7F795EC28E9D686006233E4 /* SceneDelegate.swift in Sources */,
			);
			runOnlyForDeploymentPostprocessing = 0;
		};
		D7F795FB28E9D68D006233E4 /* Sources */ = {
			isa = PBXSourcesBuildPhase;
			buildActionMask = 2147483647;
			files = (
				D7F7960428E9D68D006233E4 /* CalculatorTests.swift in Sources */,
			);
			runOnlyForDeploymentPostprocessing = 0;
		};
		D7F7960528E9D68D006233E4 /* Sources */ = {
			isa = PBXSourcesBuildPhase;
			buildActionMask = 2147483647;
			files = (
				D7F7961028E9D68D006233E4 /* CalculatorUITestsLaunchTests.swift in Sources */,
				D7F7960E28E9D68D006233E4 /* CalculatorUITests.swift in Sources */,
			);
			runOnlyForDeploymentPostprocessing = 0;
		};
/* End PBXSourcesBuildPhase section */

/* Begin PBXTargetDependency section */
		D7F7960128E9D68D006233E4 /* PBXTargetDependency */ = {
			isa = PBXTargetDependency;
			target = D7F795E528E9D685006233E4 /* Calculator */;
			targetProxy = D7F7960028E9D68D006233E4 /* PBXContainerItemProxy */;
		};
		D7F7960B28E9D68D006233E4 /* PBXTargetDependency */ = {
			isa = PBXTargetDependency;
			target = D7F795E528E9D685006233E4 /* Calculator */;
			targetProxy = D7F7960A28E9D68D006233E4 /* PBXContainerItemProxy */;
		};
/* End PBXTargetDependency section */

/* Begin PBXVariantGroup section */
		D7F795EF28E9D686006233E4 /* Main.storyboard */ = {
			isa = PBXVariantGroup;
			children = (
				D7F795F028E9D686006233E4 /* Base */,
			);
			name = Main.storyboard;
			sourceTree = "<group>";
		};
		D7F795F728E9D68C006233E4 /* LaunchScreen.storyboard */ = {
			isa = PBXVariantGroup;
			children = (
				D7F795F828E9D68C006233E4 /* Base */,
			);
			name = LaunchScreen.storyboard;
			sourceTree = "<group>";
		};
/* End PBXVariantGroup section */

/* Begin XCBuildConfiguration section */
		D7F7961128E9D68D006233E4 /* Debug */ = {
			isa = XCBuildConfiguration;
			buildSettings = {
				ALWAYS_SEARCH_USER_PATHS = NO;
				CLANG_ANALYZER_NONNULL = YES;
				CLANG_ANALYZER_NUMBER_OBJECT_CONVERSION = YES_AGGRESSIVE;
				CLANG_CXX_LANGUAGE_STANDARD = "gnu++20";
				CLANG_ENABLE_MODULES = YES;
				CLANG_ENABLE_OBJC_ARC = YES;
				CLANG_ENABLE_OBJC_WEAK = YES;
				CLANG_WARN_BLOCK_CAPTURE_AUTORELEASING = YES;
				CLANG_WARN_BOOL_CONVERSION = YES;
				CLANG_WARN_COMMA = YES;
				CLANG_WARN_CONSTANT_CONVERSION = YES;
				CLANG_WARN_DEPRECATED_OBJC_IMPLEMENTATIONS = YES;
				CLANG_WARN_DIRECT_OBJC_ISA_USAGE = YES_ERROR;
				CLANG_WARN_DOCUMENTATION_COMMENTS = YES;
				CLANG_WARN_EMPTY_BODY = YES;
				CLANG_WARN_ENUM_CONVERSION = YES;
				CLANG_WARN_INFINITE_RECURSION = YES;
				CLANG_WARN_INT_CONVERSION = YES;
				CLANG_WARN_NON_LITERAL_NULL_CONVERSION = YES;
				CLANG_WARN_OBJC_IMPLICIT_RETAIN_SELF = YES;
				CLANG_WARN_OBJC_LITERAL_CONVERSION = YES;
				CLANG_WARN_OBJC_ROOT_CLASS = YES_ERROR;
				CLANG_WARN_QUOTED_INCLUDE_IN_FRAMEWORK_HEADER = YES;
				CLANG_WARN_RANGE_LOOP_ANALYSIS = YES;
				CLANG_WARN_STRICT_PROTOTYPES = YES;
				CLANG_WARN_SUSPICIOUS_MOVE = YES;
				CLANG_WARN_UNGUARDED_AVAILABILITY = YES_AGGRESSIVE;
				CLANG_WARN_UNREACHABLE_CODE = YES;
				CLANG_WARN__DUPLICATE_METHOD_MATCH = YES;
				COPY_PHASE_STRIP = NO;
				DEBUG_INFORMATION_FORMAT = dwarf;
				ENABLE_STRICT_OBJC_MSGSEND = YES;
				ENABLE_TESTABILITY = YES;
				GCC_C_LANGUAGE_STANDARD = gnu11;
				GCC_DYNAMIC_NO_PIC = NO;
				GCC_NO_COMMON_BLOCKS = YES;
				GCC_OPTIMIZATION_LEVEL = 0;
				GCC_PREPROCESSOR_DEFINITIONS = (
					"DEBUG=1",
					"$(inherited)",
				);
				GCC_WARN_64_TO_32_BIT_CONVERSION = YES;
				GCC_WARN_ABOUT_RETURN_TYPE = YES_ERROR;
				GCC_WARN_UNDECLARED_SELECTOR = YES;
				GCC_WARN_UNINITIALIZED_AUTOS = YES_AGGRESSIVE;
				GCC_WARN_UNUSED_FUNCTION = YES;
				GCC_WARN_UNUSED_VARIABLE = YES;
				IPHONEOS_DEPLOYMENT_TARGET = 16.0;
				MTL_ENABLE_DEBUG_INFO = INCLUDE_SOURCE;
				MTL_FAST_MATH = YES;
				ONLY_ACTIVE_ARCH = YES;
				SDKROOT = iphoneos;
				SWIFT_ACTIVE_COMPILATION_CONDITIONS = DEBUG;
				SWIFT_OPTIMIZATION_LEVEL = "-Onone";
			};
			name = Debug;
		};
		D7F7961228E9D68D006233E4 /* Release */ = {
			isa = XCBuildConfiguration;
			buildSettings = {
				ALWAYS_SEARCH_USER_PATHS = NO;
				CLANG_ANALYZER_NONNULL = YES;
				CLANG_ANALYZER_NUMBER_OBJECT_CONVERSION = YES_AGGRESSIVE;
				CLANG_CXX_LANGUAGE_STANDARD = "gnu++20";
				CLANG_ENABLE_MODULES = YES;
				CLANG_ENABLE_OBJC_ARC = YES;
				CLANG_ENABLE_OBJC_WEAK = YES;
				CLANG_WARN_BLOCK_CAPTURE_AUTORELEASING = YES;
				CLANG_WARN_BOOL_CONVERSION = YES;
				CLANG_WARN_COMMA = YES;
				CLANG_WARN_CONSTANT_CONVERSION = YES;
				CLANG_WARN_DEPRECATED_OBJC_IMPLEMENTATIONS = YES;
				CLANG_WARN_DIRECT_OBJC_ISA_USAGE = YES_ERROR;
				CLANG_WARN_DOCUMENTATION_COMMENTS = YES;
				CLANG_WARN_EMPTY_BODY = YES;
				CLANG_WARN_ENUM_CONVERSION = YES;
				CLANG_WARN_INFINITE_RECURSION = YES;
				CLANG_WARN_INT_CONVERSION = YES;
				CLANG_WARN_NON_LITERAL_NULL_CONVERSION = YES;
				CLANG_WARN_OBJC_IMPLICIT_RETAIN_SELF = YES;
				CLANG_WARN_OBJC_LITERAL_CONVERSION = YES;
				CLANG_WARN_OBJC_ROOT_CLASS = YES_ERROR;
				CLANG_WARN_QUOTED_INCLUDE_IN_FRAMEWORK_HEADER = YES;
				CLANG_WARN_RANGE_LOOP_ANALYSIS = YES;
				CLANG_WARN_STRICT_PROTOTYPES = YES;
				CLANG_WARN_SUSPICIOUS_MOVE = YES;
				CLANG_WARN_UNGUARDED_AVAILABILITY = YES_AGGRESSIVE;
				CLANG_WARN_UNREACHABLE_CODE = YES;
				CLANG_WARN__DUPLICATE_METHOD_MATCH = YES;
				COPY_PHASE_STRIP = NO;
				DEBUG_INFORMATION_FORMAT = "dwarf-with-dsym";
				ENABLE_NS_ASSERTIONS = NO;
				ENABLE_STRICT_OBJC_MSGSEND = YES;
				GCC_C_LANGUAGE_STANDARD = gnu11;
				GCC_NO_COMMON_BLOCKS = YES;
				GCC_WARN_64_TO_32_BIT_CONVERSION = YES;
				GCC_WARN_ABOUT_RETURN_TYPE = YES_ERROR;
				GCC_WARN_UNDECLARED_SELECTOR = YES;
				GCC_WARN_UNINITIALIZED_AUTOS = YES_AGGRESSIVE;
				GCC_WARN_UNUSED_FUNCTION = YES;
				GCC_WARN_UNUSED_VARIABLE = YES;
				IPHONEOS_DEPLOYMENT_TARGET = 16.0;
				MTL_ENABLE_DEBUG_INFO = NO;
				MTL_FAST_MATH = YES;
				SDKROOT = iphoneos;
				SWIFT_COMPILATION_MODE = wholemodule;
				SWIFT_OPTIMIZATION_LEVEL = "-O";
				VALIDATE_PRODUCT = YES;
			};
			name = Release;
		};
		D7F7961428E9D68D006233E4 /* Debug */ = {
			isa = XCBuildConfiguration;
			buildSettings = {
				ASSETCATALOG_COMPILER_APPICON_NAME = AppIcon;
				ASSETCATALOG_COMPILER_GLOBAL_ACCENT_COLOR_NAME = AccentColor;
				CODE_SIGN_STYLE = Automatic;
				CURRENT_PROJECT_VERSION = 1;
				GENERATE_INFOPLIST_FILE = YES;
				INFOPLIST_FILE = Calculator/Info.plist;
				INFOPLIST_KEY_UIApplicationSupportsIndirectInputEvents = YES;
				INFOPLIST_KEY_UILaunchStoryboardName = LaunchScreen;
				INFOPLIST_KEY_UIMainStoryboardFile = Main;
				INFOPLIST_KEY_UISupportedInterfaceOrientations_iPad = "UIInterfaceOrientationPortrait UIInterfaceOrientationPortraitUpsideDown UIInterfaceOrientationLandscapeLeft UIInterfaceOrientationLandscapeRight";
				INFOPLIST_KEY_UISupportedInterfaceOrientations_iPhone = "UIInterfaceOrientationPortrait UIInterfaceOrientationLandscapeLeft UIInterfaceOrientationLandscapeRight";
				IPHONEOS_DEPLOYMENT_TARGET = 16.0;
				LD_RUNPATH_SEARCH_PATHS = (
					"$(inherited)",
					"@executable_path/Frameworks",
				);
				MARKETING_VERSION = 1.0;
				PRODUCT_BUNDLE_IDENTIFIER = "kaleeshwaran.p-zohocorp.com.Calculator";
				PRODUCT_NAME = "$(TARGET_NAME)";
				SUPPORTED_PLATFORMS = "iphoneos iphonesimulator";
				SUPPORTS_MACCATALYST = NO;
				SUPPORTS_MAC_DESIGNED_FOR_IPHONE_IPAD = NO;
				SWIFT_EMIT_LOC_STRINGS = YES;
				SWIFT_VERSION = 5.0;
				TARGETED_DEVICE_FAMILY = "1,2";
			};
			name = Debug;
		};
		D7F7961528E9D68D006233E4 /* Release */ = {
			isa = XCBuildConfiguration;
			buildSettings = {
				ASSETCATALOG_COMPILER_APPICON_NAME = AppIcon;
				ASSETCATALOG_COMPILER_GLOBAL_ACCENT_COLOR_NAME = AccentColor;
				CODE_SIGN_STYLE = Automatic;
				CURRENT_PROJECT_VERSION = 1;
				GENERATE_INFOPLIST_FILE = YES;
				INFOPLIST_FILE = Calculator/Info.plist;
				INFOPLIST_KEY_UIApplicationSupportsIndirectInputEvents = YES;
				INFOPLIST_KEY_UILaunchStoryboardName = LaunchScreen;
				INFOPLIST_KEY_UIMainStoryboardFile = Main;
				INFOPLIST_KEY_UISupportedInterfaceOrientations_iPad = "UIInterfaceOrientationPortrait UIInterfaceOrientationPortraitUpsideDown UIInterfaceOrientationLandscapeLeft UIInterfaceOrientationLandscapeRight";
				INFOPLIST_KEY_UISupportedInterfaceOrientations_iPhone = "UIInterfaceOrientationPortrait UIInterfaceOrientationLandscapeLeft UIInterfaceOrientationLandscapeRight";
				IPHONEOS_DEPLOYMENT_TARGET = 16.0;
				LD_RUNPATH_SEARCH_PATHS = (
					"$(inherited)",
					"@executable_path/Frameworks",
				);
				MARKETING_VERSION = 1.0;
				PRODUCT_BUNDLE_IDENTIFIER = "kaleeshwaran.p-zohocorp.com.Calculator";
				PRODUCT_NAME = "$(TARGET_NAME)";
				SUPPORTED_PLATFORMS = "iphoneos iphonesimulator";
				SUPPORTS_MACCATALYST = NO;
				SUPPORTS_MAC_DESIGNED_FOR_IPHONE_IPAD = NO;
				SWIFT_EMIT_LOC_STRINGS = YES;
				SWIFT_VERSION = 5.0;
				TARGETED_DEVICE_FAMILY = "1,2";
			};
			name = Release;
		};
		D7F7961728E9D68D006233E4 /* Debug */ = {
			isa = XCBuildConfiguration;
			buildSettings = {
				ALWAYS_EMBED_SWIFT_STANDARD_LIBRARIES = YES;
				BUNDLE_LOADER = "$(TEST_HOST)";
				CODE_SIGN_STYLE = Automatic;
				CURRENT_PROJECT_VERSION = 1;
				GENERATE_INFOPLIST_FILE = YES;
				IPHONEOS_DEPLOYMENT_TARGET = 16.0;
				MARKETING_VERSION = 1.0;
				PRODUCT_BUNDLE_IDENTIFIER = "kaleeshwaran.p-zohocorp.com.CalculatorTests";
				PRODUCT_NAME = "$(TARGET_NAME)";
				SWIFT_EMIT_LOC_STRINGS = NO;
				SWIFT_VERSION = 5.0;
				TARGETED_DEVICE_FAMILY = "1,2";
				TEST_HOST = "$(BUILT_PRODUCTS_DIR)/Calculator.app/$(BUNDLE_EXECUTABLE_FOLDER_PATH)/Calculator";
			};
			name = Debug;
		};
		D7F7961828E9D68D006233E4 /* Release */ = {
			isa = XCBuildConfiguration;
			buildSettings = {
				ALWAYS_EMBED_SWIFT_STANDARD_LIBRARIES = YES;
				BUNDLE_LOADER = "$(TEST_HOST)";
				CODE_SIGN_STYLE = Automatic;
				CURRENT_PROJECT_VERSION = 1;
				GENERATE_INFOPLIST_FILE = YES;
				IPHONEOS_DEPLOYMENT_TARGET = 16.0;
				MARKETING_VERSION = 1.0;
				PRODUCT_BUNDLE_IDENTIFIER = "kaleeshwaran.p-zohocorp.com.CalculatorTests";
				PRODUCT_NAME = "$(TARGET_NAME)";
				SWIFT_EMIT_LOC_STRINGS = NO;
				SWIFT_VERSION = 5.0;
				TARGETED_DEVICE_FAMILY = "1,2";
				TEST_HOST = "$(BUILT_PRODUCTS_DIR)/Calculator.app/$(BUNDLE_EXECUTABLE_FOLDER_PATH)/Calculator";
			};
			name = Release;
		};
		D7F7961A28E9D68D006233E4 /* Debug */ = {
			isa = XCBuildConfiguration;
			buildSettings = {
				ALWAYS_EMBED_SWIFT_STANDARD_LIBRARIES = YES;
				CODE_SIGN_STYLE = Automatic;
				CURRENT_PROJECT_VERSION = 1;
				GENERATE_INFOPLIST_FILE = YES;
				MARKETING_VERSION = 1.0;
				PRODUCT_BUNDLE_IDENTIFIER = "kaleeshwaran.p-zohocorp.com.CalculatorUITests";
				PRODUCT_NAME = "$(TARGET_NAME)";
				SWIFT_EMIT_LOC_STRINGS = NO;
				SWIFT_VERSION = 5.0;
				TARGETED_DEVICE_FAMILY = "1,2";
				TEST_TARGET_NAME = Calculator;
			};
			name = Debug;
		};
		D7F7961B28E9D68D006233E4 /* Release */ = {
			isa = XCBuildConfiguration;
			buildSettings = {
				ALWAYS_EMBED_SWIFT_STANDARD_LIBRARIES = YES;
				CODE_SIGN_STYLE = Automatic;
				CURRENT_PROJECT_VERSION = 1;
				GENERATE_INFOPLIST_FILE = YES;
				MARKETING_VERSION = 1.0;
				PRODUCT_BUNDLE_IDENTIFIER = "kaleeshwaran.p-zohocorp.com.CalculatorUITests";
				PRODUCT_NAME = "$(TARGET_NAME)";
				SWIFT_EMIT_LOC_STRINGS = NO;
				SWIFT_VERSION = 5.0;
				TARGETED_DEVICE_FAMILY = "1,2";
				TEST_TARGET_NAME = Calculator;
			};
			name = Release;
		};
/* End XCBuildConfiguration section */

/* Begin XCConfigurationList section */
		D7F795E128E9D685006233E4 /* Build configuration list for PBXProject "Calculator" */ = {
			isa = XCConfigurationList;
			buildConfigurations = (
				D7F7961128E9D68D006233E4 /* Debug */,
				D7F7961228E9D68D006233E4 /* Release */,
			);
			defaultConfigurationIsVisible = 0;
			defaultConfigurationName = Release;
		};
		D7F7961328E9D68D006233E4 /* Build configuration list for PBXNativeTarget "Calculator" */ = {
			isa = XCConfigurationList;
			buildConfigurations = (
				D7F7961428E9D68D006233E4 /* Debug */,
				D7F7961528E9D68D006233E4 /* Release */,
			);
			defaultConfigurationIsVisible = 0;
			defaultConfigurationName = Release;
		};
		D7F7961628E9D68D006233E4 /* Build configuration list for PBXNativeTarget "CalculatorTests" */ = {
			isa = XCConfigurationList;
			buildConfigurations = (
				D7F7961728E9D68D006233E4 /* Debug */,
				D7F7961828E9D68D006233E4 /* Release */,
			);
			defaultConfigurationIsVisible = 0;
			defaultConfigurationName = Release;
		};
		D7F7961928E9D68D006233E4 /* Build configuration list for PBXNativeTarget "CalculatorUITests" */ = {
			isa = XCConfigurationList;
			buildConfigurations = (
				D7F7961A28E9D68D006233E4 /* Debug */,
				D7F7961B28E9D68D006233E4 /* Release */,
			);
			defaultConfigurationIsVisible = 0;
			defaultConfigurationName = Release;
		};
/* End XCConfigurationList section */

/* Begin XCVersionGroup section */
		D7F795F228E9D686006233E4 /* Calculator.xcdatamodeld */ = {
			isa = XCVersionGroup;
			children = (
				D7F795F328E9D686006233E4 /* Calculator.xcdatamodel */,
			);
			currentVersion = D7F795F328E9D686006233E4 /* Calculator.xcdatamodel */;
			path = Calculator.xcdatamodeld;
			sourceTree = "<group>";
			versionGroupType = wrapper.xcdatamodel;
		};
/* End XCVersionGroup section */
	};
	rootObject = D7F795DE28E9D685006233E4 /* Project object */;
}
